{
  "nodes": {
    "nixpkgs": {
      "locked": {
        "lastModified": 1693309603,
        "narHash": "sha256-SK/KdXeb76Y4FBVp1uRahrT6ipsQ90tNhDgy0UYwxRE=",
        "owner": "NixOS",
        "repo": "nixpkgs",
        "rev": "dba6d77ad232e3a5ffc5e281ebbada4fe0e23981",
        "type": "github"
      },
      "original": {
        "owner": "NixOS",
        "repo": "nixpkgs",
        "type": "github"
      }
    },
    "root": {
      "inputs": {
        "nixpkgs": "nixpkgs"
      }
    }
  },
  "root": "root",
  "version": 7
}
